
Microsoft Visual Studio Solution File, Format Version 12.00
# Visual Studio 15
VisualStudioVersion = 15.0.27703.2047
MinimumVisualStudioVersion = 10.0.40219.1
Project("{8BC9CEB8-8B4A-11D0-8D11-00A0C91BC942}") = "hasabymember", "hasabymember\hasabymember.vcxproj", "{90F48B9F-EED4-4855-AB47-431443F0BD94}"
EndProject
Project("{8BC9CEB8-8B4A-11D0-8D11-00A0C91BC942}") = "hasAbyinheritance", "hasAbyinheritance\hasAbyinheritance.vcxproj", "{CA338253-3091-4EE8-A346-A372E3207E0D}"
EndProject
Project("{8BC9CEB8-8B4A-11D0-8D11-00A0C91BC942}") = "Templatefunction", "Templatefunction\Templatefunction.vcxproj", "{0C16E8E4-2786-4BC0-88B8-CBDE9B8F153F}"
EndProject
Project("{8BC9CEB8-8B4A-11D0-8D11-00A0C91BC942}") = "Student_table", "Student_table\Student_table.vcxproj", "{E126AD14-4748-48D5-9493-58299C821F00}"
EndProject
Project("{8BC9CEB8-8B4A-11D0-8D11-00A0C91BC942}") = "快速排序", "快速排序\快速排序.vcxproj", "{A3E457B8-D223-4D53-AEF1-19187EBE5511}"
EndProject
Project("{8BC9CEB8-8B4A-11D0-8D11-00A0C91BC942}") = "Helpvalue", "Helpvalue\Helpvalue.vcxproj", "{29490167-A1BC-4B9E-A0C5-685213689701}"
EndProject
Project("{8BC9CEB8-8B4A-11D0-8D11-00A0C91BC942}") = "PublicMultiplyInheritance", "PublicMultiplyInheritance\PublicMultiplyInheritance.vcxproj", "{842BAEFF-4C11-4A4F-9AE1-CA61F66BAE86}"
EndProject
Project("{8BC9CEB8-8B4A-11D0-8D11-00A0C91BC942}") = "Stack", "Stack\Stack.vcxproj", "{BF6A7C61-87EA-4D17-B3CA-8BEA439E031E}"
EndProject
Project("{8BC9CEB8-8B4A-11D0-8D11-00A0C91BC942}") = "ArrayTemplate", "ArrayTemplate\ArrayTemplate.vcxproj", "{04547B8D-6238-452B-9DE9-3FC29623EFB9}"
EndProject
Project("{8BC9CEB8-8B4A-11D0-8D11-00A0C91BC942}") = "templatemember", "templatemember\templatemember.vcxproj", "{01ABDEA6-00A4-4190-BAA2-5EA31E96E23D}"
EndProject
Project("{8BC9CEB8-8B4A-11D0-8D11-00A0C91BC942}") = "Temppara", "Temppara\Temppara.vcxproj", "{68D9799C-B9DE-461B-9720-303482948580}"
EndProject
Project("{8BC9CEB8-8B4A-11D0-8D11-00A0C91BC942}") = "Chapter14.2", "Chapter14.2\Chapter14.2.vcxproj", "{677120E1-A9B1-4271-9E9A-930C5EC33DFA}"
EndProject
Project("{8BC9CEB8-8B4A-11D0-8D11-00A0C91BC942}") = "TVandRemote", "TVandRemote\TVandRemote.vcxproj", "{950946D1-CBDB-474F-996B-F6B70D5E5A0D}"
EndProject
Project("{8BC9CEB8-8B4A-11D0-8D11-00A0C91BC942}") = "TVandRemote2", "TVandRemote2\TVandRemote2.vcxproj", "{BD8A6884-F8A1-4914-993E-5398BEDE4C9E}"
EndProject
Project("{8BC9CEB8-8B4A-11D0-8D11-00A0C91BC942}") = "ArrayList", "ArrayList\ArrayList.vcxproj", "{E2B18A2B-19F2-44B2-8A22-9C883A553CFE}"
EndProject
Project("{8BC9CEB8-8B4A-11D0-8D11-00A0C91BC942}") = "LinkedList", "LinkedList\LinkedList.vcxproj", "{EA5AB1AE-C53A-43BA-877B-CBBC7C440C79}"
EndProject
Project("{8BC9CEB8-8B4A-11D0-8D11-00A0C91BC942}") = "FriendtoTemplateClass", "FriendtoTemplateClass\FriendtoTemplateClass.vcxproj", "{C9D20581-398D-4A21-BB42-B705FC4C8C66}"
EndProject
Project("{8BC9CEB8-8B4A-11D0-8D11-00A0C91BC942}") = "15.7调用abort", "15.7调用abort\15.7调用abort.vcxproj", "{89ADD4DB-EA15-4E43-ABED-BA66752B5F1A}"
EndProject
Project("{8BC9CEB8-8B4A-11D0-8D11-00A0C91BC942}") = "15.1usetrycatch", "15.1usetrycatch\15.1usetrycatch.vcxproj", "{7EC9760E-BAAA-4D0C-82A7-DB2B0D529CC5}"
EndProject
Project("{8BC9CEB8-8B4A-11D0-8D11-00A0C91BC942}") = "15.1error5", "15.1error5\15.1error5.vcxproj", "{EF75EEA2-B18C-4F7E-80A5-C2192C2A2E78}"
EndProject
Project("{8BC9CEB8-8B4A-11D0-8D11-00A0C91BC942}") = "15.13newexcp", "15.13newexcp\15.13newexcp.vcxproj", "{B3D0038A-8C4C-42E1-97E1-E042A16D2469}"
EndProject
Project("{8BC9CEB8-8B4A-11D0-8D11-00A0C91BC942}") = "15.14Sale", "15.14Sale\15.14Sale.vcxproj", "{AB0F369D-265D-4D1D-A269-3864C7251A50}"
EndProject
Project("{8BC9CEB8-8B4A-11D0-8D11-00A0C91BC942}") = "15.17RTTI", "15.17RTTI\15.17RTTI.vcxproj", "{B01501C9-4FE8-46AE-A918-D4820B485D75}"
EndProject
Project("{8BC9CEB8-8B4A-11D0-8D11-00A0C91BC942}") = "15.18RTTI", "15.18RTTI\15.18RTTI.vcxproj", "{B8C2EC9A-AD53-4831-87DF-74242E1AB93F}"
EndProject
Project("{8BC9CEB8-8B4A-11D0-8D11-00A0C91BC942}") = "15.19constcast", "15.19constcast\15.19constcast.vcxproj", "{1C3B49E8-BF33-4F55-AD7F-C40049C652A1}"
EndProject
Project("{8BC9CEB8-8B4A-11D0-8D11-00A0C91BC942}") = "smartprt", "smartprt\smartprt.vcxproj", "{937E4C2B-31A2-407B-9A23-0960CD3E3716}"
EndProject
Project("{8BC9CEB8-8B4A-11D0-8D11-00A0C91BC942}") = "fowl", "fowl\fowl.vcxproj", "{8BA5E94F-0C1F-4AC5-8809-1E092C974F2E}"
EndProject
Project("{8BC9CEB8-8B4A-11D0-8D11-00A0C91BC942}") = "C++11 for_each", "C++11 for_each\C++11 for_each.vcxproj", "{1107553A-985C-400B-B6AF-23E271C7EB62}"
EndProject
Project("{8BC9CEB8-8B4A-11D0-8D11-00A0C91BC942}") = "copyit", "copyit\copyit.vcxproj", "{CBE22452-F52C-46E3-B4FF-3EE69EF0A38F}"
EndProject
Project("{8BC9CEB8-8B4A-11D0-8D11-00A0C91BC942}") = "Inserts", "Inserts\Inserts.vcxproj", "{938EA25C-2C86-4BE8-AD05-9B77C908DC6B}"
EndProject
Project("{8BC9CEB8-8B4A-11D0-8D11-00A0C91BC942}") = "list", "list\list.vcxproj", "{567D5125-8676-4100-A616-9072E35E3360}"
EndProject
Project("{8BC9CEB8-8B4A-11D0-8D11-00A0C91BC942}") = "queue", "queue\queue.vcxproj", "{3CD8E6B7-586C-4984-9479-B71EB621869D}"
EndProject
Project("{8BC9CEB8-8B4A-11D0-8D11-00A0C91BC942}") = "CoutFlush", "CoutFlush\CoutFlush.vcxproj", "{360B394F-B481-4A9C-A341-C0320EE7F069}"
EndProject
Project("{8BC9CEB8-8B4A-11D0-8D11-00A0C91BC942}") = "18.2", "18.2\18.2.vcxproj", "{AAD967CF-268D-4AA0-8F7C-4D9AE711317F}"
EndProject
Project("{8BC9CEB8-8B4A-11D0-8D11-00A0C91BC942}") = "18.3", "18.3\18.3.vcxproj", "{D9246747-888A-4A38-8E9C-96192DE2055E}"
EndProject
Project("{8BC9CEB8-8B4A-11D0-8D11-00A0C91BC942}") = "P816", "P816\P816.vcxproj", "{9FD96772-B07D-4E57-968A-65709F022B61}"
EndProject
Project("{8BC9CEB8-8B4A-11D0-8D11-00A0C91BC942}") = "覆盖父类虚方法", "覆盖父类虚方法\覆盖父类虚方法.vcxproj", "{3050295A-E8D0-47E5-83A4-C1EE9B5FAC04}"
EndProject
Project("{8BC9CEB8-8B4A-11D0-8D11-00A0C91BC942}") = "function", "function\function.vcxproj", "{B7FDA34A-8D54-4FF8-BBDD-BC2F669EC571}"
EndProject
Project("{8BC9CEB8-8B4A-11D0-8D11-00A0C91BC942}") = "可变参数模板", "可变参数模板\可变参数模板.vcxproj", "{60B4D8C7-0500-4823-99CA-543647C76EDF}"
EndProject
Project("{8BC9CEB8-8B4A-11D0-8D11-00A0C91BC942}") = "MyList", "MyList\MyList.vcxproj", "{D64CBDD1-9B0F-4DEE-82F2-136A971A0AE2}"
EndProject
Project("{8BC9CEB8-8B4A-11D0-8D11-00A0C91BC942}") = "ForeachTOMultipleArr", "ForeachTOMultipleArr\ForeachTOMultipleArr.vcxproj", "{AA8E6FC1-95F8-459B-9B70-E0212E15092F}"
EndProject
Project("{8BC9CEB8-8B4A-11D0-8D11-00A0C91BC942}") = "BP algorithm", "BP algorithm\BP algorithm.vcxproj", "{B36015D1-8072-4CE7-B35B-AE77624549BC}"
EndProject
Project("{8BC9CEB8-8B4A-11D0-8D11-00A0C91BC942}") = "KMP algorthm", "KMP algorthm\KMP algorthm.vcxproj", "{05696805-ED1D-4FCD-BFA2-2F9E22A32980}"
EndProject
Project("{8BC9CEB8-8B4A-11D0-8D11-00A0C91BC942}") = "KMP2", "KMP2\KMP2.vcxproj", "{7B17385D-E724-44F2-B88F-49333A83DCCF}"
EndProject
Project("{8BC9CEB8-8B4A-11D0-8D11-00A0C91BC942}") = "BitTree", "BitTree\BitTree.vcxproj", "{B2B18111-E856-4A9F-923D-581778457E7C}"
EndProject
Project("{8BC9CEB8-8B4A-11D0-8D11-00A0C91BC942}") = "SqTree", "SqTree\SqTree.vcxproj", "{E5B1A41B-923C-4344-9BFA-C6E69CA5DAB0}"
EndProject
Project("{8BC9CEB8-8B4A-11D0-8D11-00A0C91BC942}") = "LinkedTree(c++)", "LinkedTree\LinkedTree.vcxproj", "{69B8038F-9AEA-4214-A674-91858AD0F1C6}"
EndProject
Project("{8BC9CEB8-8B4A-11D0-8D11-00A0C91BC942}") = "TemplateLinkedStack", "TemplateLinkedStack\TemplateLinkedStack.vcxproj", "{D8E11BBC-12A7-4A77-8D3E-05B12536DA69}"
EndProject
Project("{8BC9CEB8-8B4A-11D0-8D11-00A0C91BC942}") = "TestforPoint", "TestforPoint\TestforPoint.vcxproj", "{5AA11FE8-6D5F-4A0E-8DF3-28ADC3163599}"
EndProject
Project("{8BC9CEB8-8B4A-11D0-8D11-00A0C91BC942}") = "GetTime", "GetTime\GetTime.vcxproj", "{177AFB7D-80FC-47DC-914B-6A73286F0F53}"
EndProject
Project("{8BC9CEB8-8B4A-11D0-8D11-00A0C91BC942}") = "LinkedList(ADT)", "Project1\Project1.vcxproj", "{4E36D48A-D420-47CC-94CF-3E8A4B60F1F1}"
EndProject
Project("{8BC9CEB8-8B4A-11D0-8D11-00A0C91BC942}") = "AMGBFS", "AMGBFS\AMGBFS.vcxproj", "{0F3B5AA0-133D-4CC6-A517-671BFF8D1D33}"
EndProject
Project("{8BC9CEB8-8B4A-11D0-8D11-00A0C91BC942}") = "AMGDFS", "AMGDFS\AMGDFS.vcxproj", "{2A02C482-B016-4194-8159-76340CFC250B}"
EndProject
Project("{8BC9CEB8-8B4A-11D0-8D11-00A0C91BC942}") = "Prim", "Prim\Prim.vcxproj", "{3D0B875B-9D14-4639-8280-F88B414C0614}"
EndProject
Project("{8BC9CEB8-8B4A-11D0-8D11-00A0C91BC942}") = "BitTreeExpr", "BitTreeExpr\BitTreeExpr.vcxproj", "{09F49A0B-AC10-4428-93BD-E73F8852D800}"
EndProject
Project("{8BC9CEB8-8B4A-11D0-8D11-00A0C91BC942}") = "Initilize_listDemo", "Initilize_listDemo\Initilize_listDemo.vcxproj", "{8C6AB89B-CC00-468E-9B52-83E27400C321}"
EndProject
Project("{8BC9CEB8-8B4A-11D0-8D11-00A0C91BC942}") = "商品月销售信息管理软件", "商品月销售信息管理软件\商品月销售信息管理软件.vcxproj", "{512BE51B-6D2B-4812-9B92-18E8A77ECB0B}"
EndProject
Project("{8BC9CEB8-8B4A-11D0-8D11-00A0C91BC942}") = "TestConstString", "TestConstString\TestConstString.vcxproj", "{DFEF86FF-5538-4FAC-A4ED-C4941C086D61}"
EndProject
Project("{8BC9CEB8-8B4A-11D0-8D11-00A0C91BC942}") = "UnorderSet", "UnorderSet\UnorderSet.vcxproj", "{9C99CBC0-E729-4BF8-8D08-69F61FA111B3}"
EndProject
Project("{8BC9CEB8-8B4A-11D0-8D11-00A0C91BC942}") = "TextQueryApplication", "TextQueryApplication\TextQueryApplication.vcxproj", "{E0291A17-A9A9-47C0-B0FA-6E2062885C7C}"
EndProject
Project("{8BC9CEB8-8B4A-11D0-8D11-00A0C91BC942}") = "Exerise13.39", "Exerise13.39\Exerise13.39.vcxproj", "{0ED56F84-7D50-410F-8381-792F00CBA4C2}"
EndProject
Project("{8BC9CEB8-8B4A-11D0-8D11-00A0C91BC942}") = "copyAndmoveConstr", "copyAndmoveConstr\copyAndmoveConstr.vcxproj", "{50243698-6E4C-48F6-A12C-44A028ED3A97}"
EndProject
Project("{8BC9CEB8-8B4A-11D0-8D11-00A0C91BC942}") = "ACopyAndSwap", "ACopyAndSwap\ACopyAndSwap.vcxproj", "{AA543C72-BE1D-4C82-88A1-B23CEF53FB04}"
EndProject
Project("{8BC9CEB8-8B4A-11D0-8D11-00A0C91BC942}") = "ABMoveAndcopy", "ABMoveAndcopy\ABMoveAndcopy.vcxproj", "{57DCF20C-FF31-4E97-B558-A60F1F57454E}"
EndProject
Project("{8BC9CEB8-8B4A-11D0-8D11-00A0C91BC942}") = "Ref", "Ref\Ref.vcxproj", "{45AB2649-1907-4043-BAC0-0B1FC663D8FC}"
EndProject
Project("{8BC9CEB8-8B4A-11D0-8D11-00A0C91BC942}") = "16.26", "16.26\16.26.vcxproj", "{580C8C9F-E28D-44B6-86B2-1D3892F29CCB}"
EndProject
Project("{8BC9CEB8-8B4A-11D0-8D11-00A0C91BC942}") = "16.34", "16.34\16.34.vcxproj", "{C7B8F6BB-AE67-4131-BABE-FEAB7F4FD0D5}"
EndProject
Project("{8BC9CEB8-8B4A-11D0-8D11-00A0C91BC942}") = "Test", "Test\Test.vcxproj", "{131033C8-2755-46CD-9FEB-A07DEF182C7E}"
EndProject
Project("{8BC9CEB8-8B4A-11D0-8D11-00A0C91BC942}") = "16.48", "16.48\16.48.vcxproj", "{A8E18850-FB68-43D5-A0DF-D067F68AAF02}"
EndProject
Project("{8BC9CEB8-8B4A-11D0-8D11-00A0C91BC942}") = "16.49", "16.49\16.49.vcxproj", "{957A5A09-C7D7-4DAB-85F9-311DAFCE8C2D}"
EndProject
Project("{8BC9CEB8-8B4A-11D0-8D11-00A0C91BC942}") = "16.51", "16.51\16.51.vcxproj", "{50285E8D-4703-4293-8954-115DF205B4F5}"
EndProject
Project("{8BC9CEB8-8B4A-11D0-8D11-00A0C91BC942}") = "P625", "P625\P625.vcxproj", "{2B8DEB48-1240-4EDB-9D40-7FE9E7F36270}"
EndProject
Project("{8BC9CEB8-8B4A-11D0-8D11-00A0C91BC942}") = "16.56", "16.56\16.56.vcxproj", "{261F515F-81E5-4C80-B2B5-FB3E07B46F31}"
EndProject
Project("{8BC9CEB8-8B4A-11D0-8D11-00A0C91BC942}") = "UseofTemplate", "UseofTemplate\UseofTemplate.vcxproj", "{101DD564-92B5-487A-BA1C-62175AD59A48}"
EndProject
Project("{8BC9CEB8-8B4A-11D0-8D11-00A0C91BC942}") = "模板特例化", "模板特例化\模板特例化.vcxproj", "{4DF67149-1022-4BF7-ADDA-27EC967F7991}"
EndProject
Project("{8BC9CEB8-8B4A-11D0-8D11-00A0C91BC942}") = "tuple类型", "tuple类型\tuple类型.vcxproj", "{5B1B54E9-810B-477D-B653-EEA70D94BFC3}"
EndProject
Project("{8BC9CEB8-8B4A-11D0-8D11-00A0C91BC942}") = "bitet类型", "bitet类型\bitet类型.vcxproj", "{2994FF9D-FF22-4298-A9F1-A30B162EE39C}"
EndProject
Project("{8BC9CEB8-8B4A-11D0-8D11-00A0C91BC942}") = "throwExcClass", "throwExcClass\throwExcClass.vcxproj", "{5DD5EC89-668B-458C-970E-DCAC14EFABCE}"
EndProject
Project("{8BC9CEB8-8B4A-11D0-8D11-00A0C91BC942}") = "GenerateRandNum", "GenerateRandNum\GenerateRandNum.vcxproj", "{FF085451-E2B7-41A4-8EF3-3E6176F55A03}"
EndProject
Global
	GlobalSection(SolutionConfigurationPlatforms) = preSolution
		Debug|x64 = Debug|x64
		Debug|x86 = Debug|x86
		Release|x64 = Release|x64
		Release|x86 = Release|x86
	EndGlobalSection
	GlobalSection(ProjectConfigurationPlatforms) = postSolution
		{90F48B9F-EED4-4855-AB47-431443F0BD94}.Debug|x64.ActiveCfg = Debug|x64
		{90F48B9F-EED4-4855-AB47-431443F0BD94}.Debug|x64.Build.0 = Debug|x64
		{90F48B9F-EED4-4855-AB47-431443F0BD94}.Debug|x86.ActiveCfg = Debug|Win32
		{90F48B9F-EED4-4855-AB47-431443F0BD94}.Debug|x86.Build.0 = Debug|Win32
		{90F48B9F-EED4-4855-AB47-431443F0BD94}.Release|x64.ActiveCfg = Release|x64
		{90F48B9F-EED4-4855-AB47-431443F0BD94}.Release|x64.Build.0 = Release|x64
		{90F48B9F-EED4-4855-AB47-431443F0BD94}.Release|x86.ActiveCfg = Release|Win32
		{90F48B9F-EED4-4855-AB47-431443F0BD94}.Release|x86.Build.0 = Release|Win32
		{CA338253-3091-4EE8-A346-A372E3207E0D}.Debug|x64.ActiveCfg = Debug|x64
		{CA338253-3091-4EE8-A346-A372E3207E0D}.Debug|x64.Build.0 = Debug|x64
		{CA338253-3091-4EE8-A346-A372E3207E0D}.Debug|x86.ActiveCfg = Debug|Win32
		{CA338253-3091-4EE8-A346-A372E3207E0D}.Debug|x86.Build.0 = Debug|Win32
		{CA338253-3091-4EE8-A346-A372E3207E0D}.Release|x64.ActiveCfg = Release|x64
		{CA338253-3091-4EE8-A346-A372E3207E0D}.Release|x64.Build.0 = Release|x64
		{CA338253-3091-4EE8-A346-A372E3207E0D}.Release|x86.ActiveCfg = Release|Win32
		{CA338253-3091-4EE8-A346-A372E3207E0D}.Release|x86.Build.0 = Release|Win32
		{0C16E8E4-2786-4BC0-88B8-CBDE9B8F153F}.Debug|x64.ActiveCfg = Debug|x64
		{0C16E8E4-2786-4BC0-88B8-CBDE9B8F153F}.Debug|x64.Build.0 = Debug|x64
		{0C16E8E4-2786-4BC0-88B8-CBDE9B8F153F}.Debug|x86.ActiveCfg = Debug|Win32
		{0C16E8E4-2786-4BC0-88B8-CBDE9B8F153F}.Debug|x86.Build.0 = Debug|Win32
		{0C16E8E4-2786-4BC0-88B8-CBDE9B8F153F}.Release|x64.ActiveCfg = Release|x64
		{0C16E8E4-2786-4BC0-88B8-CBDE9B8F153F}.Release|x64.Build.0 = Release|x64
		{0C16E8E4-2786-4BC0-88B8-CBDE9B8F153F}.Release|x86.ActiveCfg = Release|Win32
		{0C16E8E4-2786-4BC0-88B8-CBDE9B8F153F}.Release|x86.Build.0 = Release|Win32
		{E126AD14-4748-48D5-9493-58299C821F00}.Debug|x64.ActiveCfg = Debug|x64
		{E126AD14-4748-48D5-9493-58299C821F00}.Debug|x64.Build.0 = Debug|x64
		{E126AD14-4748-48D5-9493-58299C821F00}.Debug|x86.ActiveCfg = Debug|Win32
		{E126AD14-4748-48D5-9493-58299C821F00}.Debug|x86.Build.0 = Debug|Win32
		{E126AD14-4748-48D5-9493-58299C821F00}.Release|x64.ActiveCfg = Release|x64
		{E126AD14-4748-48D5-9493-58299C821F00}.Release|x64.Build.0 = Release|x64
		{E126AD14-4748-48D5-9493-58299C821F00}.Release|x86.ActiveCfg = Release|Win32
		{E126AD14-4748-48D5-9493-58299C821F00}.Release|x86.Build.0 = Release|Win32
		{A3E457B8-D223-4D53-AEF1-19187EBE5511}.Debug|x64.ActiveCfg = Debug|x64
		{A3E457B8-D223-4D53-AEF1-19187EBE5511}.Debug|x64.Build.0 = Debug|x64
		{A3E457B8-D223-4D53-AEF1-19187EBE5511}.Debug|x86.ActiveCfg = Debug|Win32
		{A3E457B8-D223-4D53-AEF1-19187EBE5511}.Debug|x86.Build.0 = Debug|Win32
		{A3E457B8-D223-4D53-AEF1-19187EBE5511}.Release|x64.ActiveCfg = Release|x64
		{A3E457B8-D223-4D53-AEF1-19187EBE5511}.Release|x64.Build.0 = Release|x64
		{A3E457B8-D223-4D53-AEF1-19187EBE5511}.Release|x86.ActiveCfg = Release|Win32
		{A3E457B8-D223-4D53-AEF1-19187EBE5511}.Release|x86.Build.0 = Release|Win32
		{29490167-A1BC-4B9E-A0C5-685213689701}.Debug|x64.ActiveCfg = Debug|x64
		{29490167-A1BC-4B9E-A0C5-685213689701}.Debug|x64.Build.0 = Debug|x64
		{29490167-A1BC-4B9E-A0C5-685213689701}.Debug|x86.ActiveCfg = Debug|Win32
		{29490167-A1BC-4B9E-A0C5-685213689701}.Debug|x86.Build.0 = Debug|Win32
		{29490167-A1BC-4B9E-A0C5-685213689701}.Release|x64.ActiveCfg = Release|x64
		{29490167-A1BC-4B9E-A0C5-685213689701}.Release|x64.Build.0 = Release|x64
		{29490167-A1BC-4B9E-A0C5-685213689701}.Release|x86.ActiveCfg = Release|Win32
		{29490167-A1BC-4B9E-A0C5-685213689701}.Release|x86.Build.0 = Release|Win32
		{842BAEFF-4C11-4A4F-9AE1-CA61F66BAE86}.Debug|x64.ActiveCfg = Debug|x64
		{842BAEFF-4C11-4A4F-9AE1-CA61F66BAE86}.Debug|x64.Build.0 = Debug|x64
		{842BAEFF-4C11-4A4F-9AE1-CA61F66BAE86}.Debug|x86.ActiveCfg = Debug|Win32
		{842BAEFF-4C11-4A4F-9AE1-CA61F66BAE86}.Debug|x86.Build.0 = Debug|Win32
		{842BAEFF-4C11-4A4F-9AE1-CA61F66BAE86}.Release|x64.ActiveCfg = Release|x64
		{842BAEFF-4C11-4A4F-9AE1-CA61F66BAE86}.Release|x64.Build.0 = Release|x64
		{842BAEFF-4C11-4A4F-9AE1-CA61F66BAE86}.Release|x86.ActiveCfg = Release|Win32
		{842BAEFF-4C11-4A4F-9AE1-CA61F66BAE86}.Release|x86.Build.0 = Release|Win32
		{BF6A7C61-87EA-4D17-B3CA-8BEA439E031E}.Debug|x64.ActiveCfg = Debug|x64
		{BF6A7C61-87EA-4D17-B3CA-8BEA439E031E}.Debug|x64.Build.0 = Debug|x64
		{BF6A7C61-87EA-4D17-B3CA-8BEA439E031E}.Debug|x86.ActiveCfg = Debug|Win32
		{BF6A7C61-87EA-4D17-B3CA-8BEA439E031E}.Debug|x86.Build.0 = Debug|Win32
		{BF6A7C61-87EA-4D17-B3CA-8BEA439E031E}.Release|x64.ActiveCfg = Release|x64
		{BF6A7C61-87EA-4D17-B3CA-8BEA439E031E}.Release|x64.Build.0 = Release|x64
		{BF6A7C61-87EA-4D17-B3CA-8BEA439E031E}.Release|x86.ActiveCfg = Release|Win32
		{BF6A7C61-87EA-4D17-B3CA-8BEA439E031E}.Release|x86.Build.0 = Release|Win32
		{04547B8D-6238-452B-9DE9-3FC29623EFB9}.Debug|x64.ActiveCfg = Debug|x64
		{04547B8D-6238-452B-9DE9-3FC29623EFB9}.Debug|x64.Build.0 = Debug|x64
		{04547B8D-6238-452B-9DE9-3FC29623EFB9}.Debug|x86.ActiveCfg = Debug|Win32
		{04547B8D-6238-452B-9DE9-3FC29623EFB9}.Debug|x86.Build.0 = Debug|Win32
		{04547B8D-6238-452B-9DE9-3FC29623EFB9}.Release|x64.ActiveCfg = Release|x64
		{04547B8D-6238-452B-9DE9-3FC29623EFB9}.Release|x64.Build.0 = Release|x64
		{04547B8D-6238-452B-9DE9-3FC29623EFB9}.Release|x86.ActiveCfg = Release|Win32
		{04547B8D-6238-452B-9DE9-3FC29623EFB9}.Release|x86.Build.0 = Release|Win32
		{01ABDEA6-00A4-4190-BAA2-5EA31E96E23D}.Debug|x64.ActiveCfg = Debug|x64
		{01ABDEA6-00A4-4190-BAA2-5EA31E96E23D}.Debug|x64.Build.0 = Debug|x64
		{01ABDEA6-00A4-4190-BAA2-5EA31E96E23D}.Debug|x86.ActiveCfg = Debug|Win32
		{01ABDEA6-00A4-4190-BAA2-5EA31E96E23D}.Debug|x86.Build.0 = Debug|Win32
		{01ABDEA6-00A4-4190-BAA2-5EA31E96E23D}.Release|x64.ActiveCfg = Release|x64
		{01ABDEA6-00A4-4190-BAA2-5EA31E96E23D}.Release|x64.Build.0 = Release|x64
		{01ABDEA6-00A4-4190-BAA2-5EA31E96E23D}.Release|x86.ActiveCfg = Release|Win32
		{01ABDEA6-00A4-4190-BAA2-5EA31E96E23D}.Release|x86.Build.0 = Release|Win32
		{68D9799C-B9DE-461B-9720-303482948580}.Debug|x64.ActiveCfg = Debug|x64
		{68D9799C-B9DE-461B-9720-303482948580}.Debug|x64.Build.0 = Debug|x64
		{68D9799C-B9DE-461B-9720-303482948580}.Debug|x86.ActiveCfg = Debug|Win32
		{68D9799C-B9DE-461B-9720-303482948580}.Debug|x86.Build.0 = Debug|Win32
		{68D9799C-B9DE-461B-9720-303482948580}.Release|x64.ActiveCfg = Release|x64
		{68D9799C-B9DE-461B-9720-303482948580}.Release|x64.Build.0 = Release|x64
		{68D9799C-B9DE-461B-9720-303482948580}.Release|x86.ActiveCfg = Release|Win32
		{68D9799C-B9DE-461B-9720-303482948580}.Release|x86.Build.0 = Release|Win32
		{677120E1-A9B1-4271-9E9A-930C5EC33DFA}.Debug|x64.ActiveCfg = Debug|x64
		{677120E1-A9B1-4271-9E9A-930C5EC33DFA}.Debug|x64.Build.0 = Debug|x64
		{677120E1-A9B1-4271-9E9A-930C5EC33DFA}.Debug|x86.ActiveCfg = Debug|Win32
		{677120E1-A9B1-4271-9E9A-930C5EC33DFA}.Debug|x86.Build.0 = Debug|Win32
		{677120E1-A9B1-4271-9E9A-930C5EC33DFA}.Release|x64.ActiveCfg = Release|x64
		{677120E1-A9B1-4271-9E9A-930C5EC33DFA}.Release|x64.Build.0 = Release|x64
		{677120E1-A9B1-4271-9E9A-930C5EC33DFA}.Release|x86.ActiveCfg = Release|Win32
		{677120E1-A9B1-4271-9E9A-930C5EC33DFA}.Release|x86.Build.0 = Release|Win32
		{950946D1-CBDB-474F-996B-F6B70D5E5A0D}.Debug|x64.ActiveCfg = Debug|x64
		{950946D1-CBDB-474F-996B-F6B70D5E5A0D}.Debug|x64.Build.0 = Debug|x64
		{950946D1-CBDB-474F-996B-F6B70D5E5A0D}.Debug|x86.ActiveCfg = Debug|Win32
		{950946D1-CBDB-474F-996B-F6B70D5E5A0D}.Debug|x86.Build.0 = Debug|Win32
		{950946D1-CBDB-474F-996B-F6B70D5E5A0D}.Release|x64.ActiveCfg = Release|x64
		{950946D1-CBDB-474F-996B-F6B70D5E5A0D}.Release|x64.Build.0 = Release|x64
		{950946D1-CBDB-474F-996B-F6B70D5E5A0D}.Release|x86.ActiveCfg = Release|Win32
		{950946D1-CBDB-474F-996B-F6B70D5E5A0D}.Release|x86.Build.0 = Release|Win32
		{BD8A6884-F8A1-4914-993E-5398BEDE4C9E}.Debug|x64.ActiveCfg = Debug|x64
		{BD8A6884-F8A1-4914-993E-5398BEDE4C9E}.Debug|x64.Build.0 = Debug|x64
		{BD8A6884-F8A1-4914-993E-5398BEDE4C9E}.Debug|x86.ActiveCfg = Debug|Win32
		{BD8A6884-F8A1-4914-993E-5398BEDE4C9E}.Debug|x86.Build.0 = Debug|Win32
		{BD8A6884-F8A1-4914-993E-5398BEDE4C9E}.Release|x64.ActiveCfg = Release|x64
		{BD8A6884-F8A1-4914-993E-5398BEDE4C9E}.Release|x64.Build.0 = Release|x64
		{BD8A6884-F8A1-4914-993E-5398BEDE4C9E}.Release|x86.ActiveCfg = Release|Win32
		{BD8A6884-F8A1-4914-993E-5398BEDE4C9E}.Release|x86.Build.0 = Release|Win32
		{E2B18A2B-19F2-44B2-8A22-9C883A553CFE}.Debug|x64.ActiveCfg = Debug|x64
		{E2B18A2B-19F2-44B2-8A22-9C883A553CFE}.Debug|x64.Build.0 = Debug|x64
		{E2B18A2B-19F2-44B2-8A22-9C883A553CFE}.Debug|x86.ActiveCfg = Debug|Win32
		{E2B18A2B-19F2-44B2-8A22-9C883A553CFE}.Debug|x86.Build.0 = Debug|Win32
		{E2B18A2B-19F2-44B2-8A22-9C883A553CFE}.Release|x64.ActiveCfg = Release|x64
		{E2B18A2B-19F2-44B2-8A22-9C883A553CFE}.Release|x64.Build.0 = Release|x64
		{E2B18A2B-19F2-44B2-8A22-9C883A553CFE}.Release|x86.ActiveCfg = Release|Win32
		{E2B18A2B-19F2-44B2-8A22-9C883A553CFE}.Release|x86.Build.0 = Release|Win32
		{EA5AB1AE-C53A-43BA-877B-CBBC7C440C79}.Debug|x64.ActiveCfg = Debug|x64
		{EA5AB1AE-C53A-43BA-877B-CBBC7C440C79}.Debug|x64.Build.0 = Debug|x64
		{EA5AB1AE-C53A-43BA-877B-CBBC7C440C79}.Debug|x86.ActiveCfg = Debug|Win32
		{EA5AB1AE-C53A-43BA-877B-CBBC7C440C79}.Debug|x86.Build.0 = Debug|Win32
		{EA5AB1AE-C53A-43BA-877B-CBBC7C440C79}.Release|x64.ActiveCfg = Release|x64
		{EA5AB1AE-C53A-43BA-877B-CBBC7C440C79}.Release|x64.Build.0 = Release|x64
		{EA5AB1AE-C53A-43BA-877B-CBBC7C440C79}.Release|x86.ActiveCfg = Release|Win32
		{EA5AB1AE-C53A-43BA-877B-CBBC7C440C79}.Release|x86.Build.0 = Release|Win32
		{C9D20581-398D-4A21-BB42-B705FC4C8C66}.Debug|x64.ActiveCfg = Debug|x64
		{C9D20581-398D-4A21-BB42-B705FC4C8C66}.Debug|x64.Build.0 = Debug|x64
		{C9D20581-398D-4A21-BB42-B705FC4C8C66}.Debug|x86.ActiveCfg = Debug|Win32
		{C9D20581-398D-4A21-BB42-B705FC4C8C66}.Debug|x86.Build.0 = Debug|Win32
		{C9D20581-398D-4A21-BB42-B705FC4C8C66}.Release|x64.ActiveCfg = Release|x64
		{C9D20581-398D-4A21-BB42-B705FC4C8C66}.Release|x64.Build.0 = Release|x64
		{C9D20581-398D-4A21-BB42-B705FC4C8C66}.Release|x86.ActiveCfg = Release|Win32
		{C9D20581-398D-4A21-BB42-B705FC4C8C66}.Release|x86.Build.0 = Release|Win32
		{89ADD4DB-EA15-4E43-ABED-BA66752B5F1A}.Debug|x64.ActiveCfg = Debug|x64
		{89ADD4DB-EA15-4E43-ABED-BA66752B5F1A}.Debug|x64.Build.0 = Debug|x64
		{89ADD4DB-EA15-4E43-ABED-BA66752B5F1A}.Debug|x86.ActiveCfg = Debug|Win32
		{89ADD4DB-EA15-4E43-ABED-BA66752B5F1A}.Debug|x86.Build.0 = Debug|Win32
		{89ADD4DB-EA15-4E43-ABED-BA66752B5F1A}.Release|x64.ActiveCfg = Release|x64
		{89ADD4DB-EA15-4E43-ABED-BA66752B5F1A}.Release|x64.Build.0 = Release|x64
		{89ADD4DB-EA15-4E43-ABED-BA66752B5F1A}.Release|x86.ActiveCfg = Release|Win32
		{89ADD4DB-EA15-4E43-ABED-BA66752B5F1A}.Release|x86.Build.0 = Release|Win32
		{7EC9760E-BAAA-4D0C-82A7-DB2B0D529CC5}.Debug|x64.ActiveCfg = Debug|x64
		{7EC9760E-BAAA-4D0C-82A7-DB2B0D529CC5}.Debug|x64.Build.0 = Debug|x64
		{7EC9760E-BAAA-4D0C-82A7-DB2B0D529CC5}.Debug|x86.ActiveCfg = Debug|Win32
		{7EC9760E-BAAA-4D0C-82A7-DB2B0D529CC5}.Debug|x86.Build.0 = Debug|Win32
		{7EC9760E-BAAA-4D0C-82A7-DB2B0D529CC5}.Release|x64.ActiveCfg = Release|x64
		{7EC9760E-BAAA-4D0C-82A7-DB2B0D529CC5}.Release|x64.Build.0 = Release|x64
		{7EC9760E-BAAA-4D0C-82A7-DB2B0D529CC5}.Release|x86.ActiveCfg = Release|Win32
		{7EC9760E-BAAA-4D0C-82A7-DB2B0D529CC5}.Release|x86.Build.0 = Release|Win32
		{EF75EEA2-B18C-4F7E-80A5-C2192C2A2E78}.Debug|x64.ActiveCfg = Debug|x64
		{EF75EEA2-B18C-4F7E-80A5-C2192C2A2E78}.Debug|x64.Build.0 = Debug|x64
		{EF75EEA2-B18C-4F7E-80A5-C2192C2A2E78}.Debug|x86.ActiveCfg = Debug|Win32
		{EF75EEA2-B18C-4F7E-80A5-C2192C2A2E78}.Debug|x86.Build.0 = Debug|Win32
		{EF75EEA2-B18C-4F7E-80A5-C2192C2A2E78}.Release|x64.ActiveCfg = Release|x64
		{EF75EEA2-B18C-4F7E-80A5-C2192C2A2E78}.Release|x64.Build.0 = Release|x64
		{EF75EEA2-B18C-4F7E-80A5-C2192C2A2E78}.Release|x86.ActiveCfg = Release|Win32
		{EF75EEA2-B18C-4F7E-80A5-C2192C2A2E78}.Release|x86.Build.0 = Release|Win32
		{B3D0038A-8C4C-42E1-97E1-E042A16D2469}.Debug|x64.ActiveCfg = Debug|x64
		{B3D0038A-8C4C-42E1-97E1-E042A16D2469}.Debug|x64.Build.0 = Debug|x64
		{B3D0038A-8C4C-42E1-97E1-E042A16D2469}.Debug|x86.ActiveCfg = Debug|Win32
		{B3D0038A-8C4C-42E1-97E1-E042A16D2469}.Debug|x86.Build.0 = Debug|Win32
		{B3D0038A-8C4C-42E1-97E1-E042A16D2469}.Release|x64.ActiveCfg = Release|x64
		{B3D0038A-8C4C-42E1-97E1-E042A16D2469}.Release|x64.Build.0 = Release|x64
		{B3D0038A-8C4C-42E1-97E1-E042A16D2469}.Release|x86.ActiveCfg = Release|Win32
		{B3D0038A-8C4C-42E1-97E1-E042A16D2469}.Release|x86.Build.0 = Release|Win32
		{AB0F369D-265D-4D1D-A269-3864C7251A50}.Debug|x64.ActiveCfg = Debug|x64
		{AB0F369D-265D-4D1D-A269-3864C7251A50}.Debug|x64.Build.0 = Debug|x64
		{AB0F369D-265D-4D1D-A269-3864C7251A50}.Debug|x86.ActiveCfg = Debug|Win32
		{AB0F369D-265D-4D1D-A269-3864C7251A50}.Debug|x86.Build.0 = Debug|Win32
		{AB0F369D-265D-4D1D-A269-3864C7251A50}.Release|x64.ActiveCfg = Release|x64
		{AB0F369D-265D-4D1D-A269-3864C7251A50}.Release|x64.Build.0 = Release|x64
		{AB0F369D-265D-4D1D-A269-3864C7251A50}.Release|x86.ActiveCfg = Release|Win32
		{AB0F369D-265D-4D1D-A269-3864C7251A50}.Release|x86.Build.0 = Release|Win32
		{B01501C9-4FE8-46AE-A918-D4820B485D75}.Debug|x64.ActiveCfg = Debug|x64
		{B01501C9-4FE8-46AE-A918-D4820B485D75}.Debug|x64.Build.0 = Debug|x64
		{B01501C9-4FE8-46AE-A918-D4820B485D75}.Debug|x86.ActiveCfg = Debug|Win32
		{B01501C9-4FE8-46AE-A918-D4820B485D75}.Debug|x86.Build.0 = Debug|Win32
		{B01501C9-4FE8-46AE-A918-D4820B485D75}.Release|x64.ActiveCfg = Release|x64
		{B01501C9-4FE8-46AE-A918-D4820B485D75}.Release|x64.Build.0 = Release|x64
		{B01501C9-4FE8-46AE-A918-D4820B485D75}.Release|x86.ActiveCfg = Release|Win32
		{B01501C9-4FE8-46AE-A918-D4820B485D75}.Release|x86.Build.0 = Release|Win32
		{B8C2EC9A-AD53-4831-87DF-74242E1AB93F}.Debug|x64.ActiveCfg = Debug|x64
		{B8C2EC9A-AD53-4831-87DF-74242E1AB93F}.Debug|x64.Build.0 = Debug|x64
		{B8C2EC9A-AD53-4831-87DF-74242E1AB93F}.Debug|x86.ActiveCfg = Debug|Win32
		{B8C2EC9A-AD53-4831-87DF-74242E1AB93F}.Debug|x86.Build.0 = Debug|Win32
		{B8C2EC9A-AD53-4831-87DF-74242E1AB93F}.Release|x64.ActiveCfg = Release|x64
		{B8C2EC9A-AD53-4831-87DF-74242E1AB93F}.Release|x64.Build.0 = Release|x64
		{B8C2EC9A-AD53-4831-87DF-74242E1AB93F}.Release|x86.ActiveCfg = Release|Win32
		{B8C2EC9A-AD53-4831-87DF-74242E1AB93F}.Release|x86.Build.0 = Release|Win32
		{1C3B49E8-BF33-4F55-AD7F-C40049C652A1}.Debug|x64.ActiveCfg = Debug|x64
		{1C3B49E8-BF33-4F55-AD7F-C40049C652A1}.Debug|x64.Build.0 = Debug|x64
		{1C3B49E8-BF33-4F55-AD7F-C40049C652A1}.Debug|x86.ActiveCfg = Debug|Win32
		{1C3B49E8-BF33-4F55-AD7F-C40049C652A1}.Debug|x86.Build.0 = Debug|Win32
		{1C3B49E8-BF33-4F55-AD7F-C40049C652A1}.Release|x64.ActiveCfg = Release|x64
		{1C3B49E8-BF33-4F55-AD7F-C40049C652A1}.Release|x64.Build.0 = Release|x64
		{1C3B49E8-BF33-4F55-AD7F-C40049C652A1}.Release|x86.ActiveCfg = Release|Win32
		{1C3B49E8-BF33-4F55-AD7F-C40049C652A1}.Release|x86.Build.0 = Release|Win32
		{937E4C2B-31A2-407B-9A23-0960CD3E3716}.Debug|x64.ActiveCfg = Debug|x64
		{937E4C2B-31A2-407B-9A23-0960CD3E3716}.Debug|x64.Build.0 = Debug|x64
		{937E4C2B-31A2-407B-9A23-0960CD3E3716}.Debug|x86.ActiveCfg = Debug|Win32
		{937E4C2B-31A2-407B-9A23-0960CD3E3716}.Debug|x86.Build.0 = Debug|Win32
		{937E4C2B-31A2-407B-9A23-0960CD3E3716}.Release|x64.ActiveCfg = Release|x64
		{937E4C2B-31A2-407B-9A23-0960CD3E3716}.Release|x64.Build.0 = Release|x64
		{937E4C2B-31A2-407B-9A23-0960CD3E3716}.Release|x86.ActiveCfg = Release|Win32
		{937E4C2B-31A2-407B-9A23-0960CD3E3716}.Release|x86.Build.0 = Release|Win32
		{8BA5E94F-0C1F-4AC5-8809-1E092C974F2E}.Debug|x64.ActiveCfg = Debug|x64
		{8BA5E94F-0C1F-4AC5-8809-1E092C974F2E}.Debug|x64.Build.0 = Debug|x64
		{8BA5E94F-0C1F-4AC5-8809-1E092C974F2E}.Debug|x86.ActiveCfg = Debug|Win32
		{8BA5E94F-0C1F-4AC5-8809-1E092C974F2E}.Debug|x86.Build.0 = Debug|Win32
		{8BA5E94F-0C1F-4AC5-8809-1E092C974F2E}.Release|x64.ActiveCfg = Release|x64
		{8BA5E94F-0C1F-4AC5-8809-1E092C974F2E}.Release|x64.Build.0 = Release|x64
		{8BA5E94F-0C1F-4AC5-8809-1E092C974F2E}.Release|x86.ActiveCfg = Release|Win32
		{8BA5E94F-0C1F-4AC5-8809-1E092C974F2E}.Release|x86.Build.0 = Release|Win32
		{1107553A-985C-400B-B6AF-23E271C7EB62}.Debug|x64.ActiveCfg = Debug|x64
		{1107553A-985C-400B-B6AF-23E271C7EB62}.Debug|x64.Build.0 = Debug|x64
		{1107553A-985C-400B-B6AF-23E271C7EB62}.Debug|x86.ActiveCfg = Debug|Win32
		{1107553A-985C-400B-B6AF-23E271C7EB62}.Debug|x86.Build.0 = Debug|Win32
		{1107553A-985C-400B-B6AF-23E271C7EB62}.Release|x64.ActiveCfg = Release|x64
		{1107553A-985C-400B-B6AF-23E271C7EB62}.Release|x64.Build.0 = Release|x64
		{1107553A-985C-400B-B6AF-23E271C7EB62}.Release|x86.ActiveCfg = Release|Win32
		{1107553A-985C-400B-B6AF-23E271C7EB62}.Release|x86.Build.0 = Release|Win32
		{CBE22452-F52C-46E3-B4FF-3EE69EF0A38F}.Debug|x64.ActiveCfg = Debug|x64
		{CBE22452-F52C-46E3-B4FF-3EE69EF0A38F}.Debug|x64.Build.0 = Debug|x64
		{CBE22452-F52C-46E3-B4FF-3EE69EF0A38F}.Debug|x86.ActiveCfg = Debug|Win32
		{CBE22452-F52C-46E3-B4FF-3EE69EF0A38F}.Debug|x86.Build.0 = Debug|Win32
		{CBE22452-F52C-46E3-B4FF-3EE69EF0A38F}.Release|x64.ActiveCfg = Release|x64
		{CBE22452-F52C-46E3-B4FF-3EE69EF0A38F}.Release|x64.Build.0 = Release|x64
		{CBE22452-F52C-46E3-B4FF-3EE69EF0A38F}.Release|x86.ActiveCfg = Release|Win32
		{CBE22452-F52C-46E3-B4FF-3EE69EF0A38F}.Release|x86.Build.0 = Release|Win32
		{938EA25C-2C86-4BE8-AD05-9B77C908DC6B}.Debug|x64.ActiveCfg = Debug|x64
		{938EA25C-2C86-4BE8-AD05-9B77C908DC6B}.Debug|x64.Build.0 = Debug|x64
		{938EA25C-2C86-4BE8-AD05-9B77C908DC6B}.Debug|x86.ActiveCfg = Debug|Win32
		{938EA25C-2C86-4BE8-AD05-9B77C908DC6B}.Debug|x86.Build.0 = Debug|Win32
		{938EA25C-2C86-4BE8-AD05-9B77C908DC6B}.Release|x64.ActiveCfg = Release|x64
		{938EA25C-2C86-4BE8-AD05-9B77C908DC6B}.Release|x64.Build.0 = Release|x64
		{938EA25C-2C86-4BE8-AD05-9B77C908DC6B}.Release|x86.ActiveCfg = Release|Win32
		{938EA25C-2C86-4BE8-AD05-9B77C908DC6B}.Release|x86.Build.0 = Release|Win32
		{567D5125-8676-4100-A616-9072E35E3360}.Debug|x64.ActiveCfg = Debug|x64
		{567D5125-8676-4100-A616-9072E35E3360}.Debug|x64.Build.0 = Debug|x64
		{567D5125-8676-4100-A616-9072E35E3360}.Debug|x86.ActiveCfg = Debug|Win32
		{567D5125-8676-4100-A616-9072E35E3360}.Debug|x86.Build.0 = Debug|Win32
		{567D5125-8676-4100-A616-9072E35E3360}.Release|x64.ActiveCfg = Release|x64
		{567D5125-8676-4100-A616-9072E35E3360}.Release|x64.Build.0 = Release|x64
		{567D5125-8676-4100-A616-9072E35E3360}.Release|x86.ActiveCfg = Release|Win32
		{567D5125-8676-4100-A616-9072E35E3360}.Release|x86.Build.0 = Release|Win32
		{3CD8E6B7-586C-4984-9479-B71EB621869D}.Debug|x64.ActiveCfg = Debug|x64
		{3CD8E6B7-586C-4984-9479-B71EB621869D}.Debug|x64.Build.0 = Debug|x64
		{3CD8E6B7-586C-4984-9479-B71EB621869D}.Debug|x86.ActiveCfg = Debug|Win32
		{3CD8E6B7-586C-4984-9479-B71EB621869D}.Debug|x86.Build.0 = Debug|Win32
		{3CD8E6B7-586C-4984-9479-B71EB621869D}.Release|x64.ActiveCfg = Release|x64
		{3CD8E6B7-586C-4984-9479-B71EB621869D}.Release|x64.Build.0 = Release|x64
		{3CD8E6B7-586C-4984-9479-B71EB621869D}.Release|x86.ActiveCfg = Release|Win32
		{3CD8E6B7-586C-4984-9479-B71EB621869D}.Release|x86.Build.0 = Release|Win32
		{360B394F-B481-4A9C-A341-C0320EE7F069}.Debug|x64.ActiveCfg = Debug|x64
		{360B394F-B481-4A9C-A341-C0320EE7F069}.Debug|x64.Build.0 = Debug|x64
		{360B394F-B481-4A9C-A341-C0320EE7F069}.Debug|x86.ActiveCfg = Debug|Win32
		{360B394F-B481-4A9C-A341-C0320EE7F069}.Debug|x86.Build.0 = Debug|Win32
		{360B394F-B481-4A9C-A341-C0320EE7F069}.Release|x64.ActiveCfg = Release|x64
		{360B394F-B481-4A9C-A341-C0320EE7F069}.Release|x64.Build.0 = Release|x64
		{360B394F-B481-4A9C-A341-C0320EE7F069}.Release|x86.ActiveCfg = Release|Win32
		{360B394F-B481-4A9C-A341-C0320EE7F069}.Release|x86.Build.0 = Release|Win32
		{AAD967CF-268D-4AA0-8F7C-4D9AE711317F}.Debug|x64.ActiveCfg = Debug|x64
		{AAD967CF-268D-4AA0-8F7C-4D9AE711317F}.Debug|x64.Build.0 = Debug|x64
		{AAD967CF-268D-4AA0-8F7C-4D9AE711317F}.Debug|x86.ActiveCfg = Debug|Win32
		{AAD967CF-268D-4AA0-8F7C-4D9AE711317F}.Debug|x86.Build.0 = Debug|Win32
		{AAD967CF-268D-4AA0-8F7C-4D9AE711317F}.Release|x64.ActiveCfg = Release|x64
		{AAD967CF-268D-4AA0-8F7C-4D9AE711317F}.Release|x64.Build.0 = Release|x64
		{AAD967CF-268D-4AA0-8F7C-4D9AE711317F}.Release|x86.ActiveCfg = Release|Win32
		{AAD967CF-268D-4AA0-8F7C-4D9AE711317F}.Release|x86.Build.0 = Release|Win32
		{D9246747-888A-4A38-8E9C-96192DE2055E}.Debug|x64.ActiveCfg = Debug|x64
		{D9246747-888A-4A38-8E9C-96192DE2055E}.Debug|x64.Build.0 = Debug|x64
		{D9246747-888A-4A38-8E9C-96192DE2055E}.Debug|x86.ActiveCfg = Debug|Win32
		{D9246747-888A-4A38-8E9C-96192DE2055E}.Debug|x86.Build.0 = Debug|Win32
		{D9246747-888A-4A38-8E9C-96192DE2055E}.Release|x64.ActiveCfg = Release|x64
		{D9246747-888A-4A38-8E9C-96192DE2055E}.Release|x64.Build.0 = Release|x64
		{D9246747-888A-4A38-8E9C-96192DE2055E}.Release|x86.ActiveCfg = Release|Win32
		{D9246747-888A-4A38-8E9C-96192DE2055E}.Release|x86.Build.0 = Release|Win32
		{9FD96772-B07D-4E57-968A-65709F022B61}.Debug|x64.ActiveCfg = Debug|x64
		{9FD96772-B07D-4E57-968A-65709F022B61}.Debug|x64.Build.0 = Debug|x64
		{9FD96772-B07D-4E57-968A-65709F022B61}.Debug|x86.ActiveCfg = Debug|Win32
		{9FD96772-B07D-4E57-968A-65709F022B61}.Debug|x86.Build.0 = Debug|Win32
		{9FD96772-B07D-4E57-968A-65709F022B61}.Release|x64.ActiveCfg = Release|x64
		{9FD96772-B07D-4E57-968A-65709F022B61}.Release|x64.Build.0 = Release|x64
		{9FD96772-B07D-4E57-968A-65709F022B61}.Release|x86.ActiveCfg = Release|Win32
		{9FD96772-B07D-4E57-968A-65709F022B61}.Release|x86.Build.0 = Release|Win32
		{3050295A-E8D0-47E5-83A4-C1EE9B5FAC04}.Debug|x64.ActiveCfg = Debug|x64
		{3050295A-E8D0-47E5-83A4-C1EE9B5FAC04}.Debug|x64.Build.0 = Debug|x64
		{3050295A-E8D0-47E5-83A4-C1EE9B5FAC04}.Debug|x86.ActiveCfg = Debug|Win32
		{3050295A-E8D0-47E5-83A4-C1EE9B5FAC04}.Debug|x86.Build.0 = Debug|Win32
		{3050295A-E8D0-47E5-83A4-C1EE9B5FAC04}.Release|x64.ActiveCfg = Release|x64
		{3050295A-E8D0-47E5-83A4-C1EE9B5FAC04}.Release|x64.Build.0 = Release|x64
		{3050295A-E8D0-47E5-83A4-C1EE9B5FAC04}.Release|x86.ActiveCfg = Release|Win32
		{3050295A-E8D0-47E5-83A4-C1EE9B5FAC04}.Release|x86.Build.0 = Release|Win32
		{B7FDA34A-8D54-4FF8-BBDD-BC2F669EC571}.Debug|x64.ActiveCfg = Debug|x64
		{B7FDA34A-8D54-4FF8-BBDD-BC2F669EC571}.Debug|x64.Build.0 = Debug|x64
		{B7FDA34A-8D54-4FF8-BBDD-BC2F669EC571}.Debug|x86.ActiveCfg = Debug|Win32
		{B7FDA34A-8D54-4FF8-BBDD-BC2F669EC571}.Debug|x86.Build.0 = Debug|Win32
		{B7FDA34A-8D54-4FF8-BBDD-BC2F669EC571}.Release|x64.ActiveCfg = Release|x64
		{B7FDA34A-8D54-4FF8-BBDD-BC2F669EC571}.Release|x64.Build.0 = Release|x64
		{B7FDA34A-8D54-4FF8-BBDD-BC2F669EC571}.Release|x86.ActiveCfg = Release|Win32
		{B7FDA34A-8D54-4FF8-BBDD-BC2F669EC571}.Release|x86.Build.0 = Release|Win32
		{60B4D8C7-0500-4823-99CA-543647C76EDF}.Debug|x64.ActiveCfg = Debug|x64
		{60B4D8C7-0500-4823-99CA-543647C76EDF}.Debug|x64.Build.0 = Debug|x64
		{60B4D8C7-0500-4823-99CA-543647C76EDF}.Debug|x86.ActiveCfg = Debug|Win32
		{60B4D8C7-0500-4823-99CA-543647C76EDF}.Debug|x86.Build.0 = Debug|Win32
		{60B4D8C7-0500-4823-99CA-543647C76EDF}.Release|x64.ActiveCfg = Release|x64
		{60B4D8C7-0500-4823-99CA-543647C76EDF}.Release|x64.Build.0 = Release|x64
		{60B4D8C7-0500-4823-99CA-543647C76EDF}.Release|x86.ActiveCfg = Release|Win32
		{60B4D8C7-0500-4823-99CA-543647C76EDF}.Release|x86.Build.0 = Release|Win32
		{D64CBDD1-9B0F-4DEE-82F2-136A971A0AE2}.Debug|x64.ActiveCfg = Debug|x64
		{D64CBDD1-9B0F-4DEE-82F2-136A971A0AE2}.Debug|x64.Build.0 = Debug|x64
		{D64CBDD1-9B0F-4DEE-82F2-136A971A0AE2}.Debug|x86.ActiveCfg = Debug|Win32
		{D64CBDD1-9B0F-4DEE-82F2-136A971A0AE2}.Debug|x86.Build.0 = Debug|Win32
		{D64CBDD1-9B0F-4DEE-82F2-136A971A0AE2}.Release|x64.ActiveCfg = Release|x64
		{D64CBDD1-9B0F-4DEE-82F2-136A971A0AE2}.Release|x64.Build.0 = Release|x64
		{D64CBDD1-9B0F-4DEE-82F2-136A971A0AE2}.Release|x86.ActiveCfg = Release|Win32
		{D64CBDD1-9B0F-4DEE-82F2-136A971A0AE2}.Release|x86.Build.0 = Release|Win32
		{AA8E6FC1-95F8-459B-9B70-E0212E15092F}.Debug|x64.ActiveCfg = Debug|x64
		{AA8E6FC1-95F8-459B-9B70-E0212E15092F}.Debug|x64.Build.0 = Debug|x64
		{AA8E6FC1-95F8-459B-9B70-E0212E15092F}.Debug|x86.ActiveCfg = Debug|Win32
		{AA8E6FC1-95F8-459B-9B70-E0212E15092F}.Debug|x86.Build.0 = Debug|Win32
		{AA8E6FC1-95F8-459B-9B70-E0212E15092F}.Release|x64.ActiveCfg = Release|x64
		{AA8E6FC1-95F8-459B-9B70-E0212E15092F}.Release|x64.Build.0 = Release|x64
		{AA8E6FC1-95F8-459B-9B70-E0212E15092F}.Release|x86.ActiveCfg = Release|Win32
		{AA8E6FC1-95F8-459B-9B70-E0212E15092F}.Release|x86.Build.0 = Release|Win32
		{B36015D1-8072-4CE7-B35B-AE77624549BC}.Debug|x64.ActiveCfg = Debug|x64
		{B36015D1-8072-4CE7-B35B-AE77624549BC}.Debug|x64.Build.0 = Debug|x64
		{B36015D1-8072-4CE7-B35B-AE77624549BC}.Debug|x86.ActiveCfg = Debug|Win32
		{B36015D1-8072-4CE7-B35B-AE77624549BC}.Debug|x86.Build.0 = Debug|Win32
		{B36015D1-8072-4CE7-B35B-AE77624549BC}.Release|x64.ActiveCfg = Release|x64
		{B36015D1-8072-4CE7-B35B-AE77624549BC}.Release|x64.Build.0 = Release|x64
		{B36015D1-8072-4CE7-B35B-AE77624549BC}.Release|x86.ActiveCfg = Release|Win32
		{B36015D1-8072-4CE7-B35B-AE77624549BC}.Release|x86.Build.0 = Release|Win32
		{05696805-ED1D-4FCD-BFA2-2F9E22A32980}.Debug|x64.ActiveCfg = Debug|x64
		{05696805-ED1D-4FCD-BFA2-2F9E22A32980}.Debug|x64.Build.0 = Debug|x64
		{05696805-ED1D-4FCD-BFA2-2F9E22A32980}.Debug|x86.ActiveCfg = Debug|Win32
		{05696805-ED1D-4FCD-BFA2-2F9E22A32980}.Debug|x86.Build.0 = Debug|Win32
		{05696805-ED1D-4FCD-BFA2-2F9E22A32980}.Release|x64.ActiveCfg = Release|x64
		{05696805-ED1D-4FCD-BFA2-2F9E22A32980}.Release|x64.Build.0 = Release|x64
		{05696805-ED1D-4FCD-BFA2-2F9E22A32980}.Release|x86.ActiveCfg = Release|Win32
		{05696805-ED1D-4FCD-BFA2-2F9E22A32980}.Release|x86.Build.0 = Release|Win32
		{7B17385D-E724-44F2-B88F-49333A83DCCF}.Debug|x64.ActiveCfg = Debug|x64
		{7B17385D-E724-44F2-B88F-49333A83DCCF}.Debug|x64.Build.0 = Debug|x64
		{7B17385D-E724-44F2-B88F-49333A83DCCF}.Debug|x86.ActiveCfg = Debug|Win32
		{7B17385D-E724-44F2-B88F-49333A83DCCF}.Debug|x86.Build.0 = Debug|Win32
		{7B17385D-E724-44F2-B88F-49333A83DCCF}.Release|x64.ActiveCfg = Release|x64
		{7B17385D-E724-44F2-B88F-49333A83DCCF}.Release|x64.Build.0 = Release|x64
		{7B17385D-E724-44F2-B88F-49333A83DCCF}.Release|x86.ActiveCfg = Release|Win32
		{7B17385D-E724-44F2-B88F-49333A83DCCF}.Release|x86.Build.0 = Release|Win32
		{B2B18111-E856-4A9F-923D-581778457E7C}.Debug|x64.ActiveCfg = Debug|x64
		{B2B18111-E856-4A9F-923D-581778457E7C}.Debug|x64.Build.0 = Debug|x64
		{B2B18111-E856-4A9F-923D-581778457E7C}.Debug|x86.ActiveCfg = Debug|Win32
		{B2B18111-E856-4A9F-923D-581778457E7C}.Debug|x86.Build.0 = Debug|Win32
		{B2B18111-E856-4A9F-923D-581778457E7C}.Release|x64.ActiveCfg = Release|x64
		{B2B18111-E856-4A9F-923D-581778457E7C}.Release|x64.Build.0 = Release|x64
		{B2B18111-E856-4A9F-923D-581778457E7C}.Release|x86.ActiveCfg = Release|Win32
		{B2B18111-E856-4A9F-923D-581778457E7C}.Release|x86.Build.0 = Release|Win32
		{E5B1A41B-923C-4344-9BFA-C6E69CA5DAB0}.Debug|x64.ActiveCfg = Debug|x64
		{E5B1A41B-923C-4344-9BFA-C6E69CA5DAB0}.Debug|x64.Build.0 = Debug|x64
		{E5B1A41B-923C-4344-9BFA-C6E69CA5DAB0}.Debug|x86.ActiveCfg = Debug|Win32
		{E5B1A41B-923C-4344-9BFA-C6E69CA5DAB0}.Debug|x86.Build.0 = Debug|Win32
		{E5B1A41B-923C-4344-9BFA-C6E69CA5DAB0}.Release|x64.ActiveCfg = Release|x64
		{E5B1A41B-923C-4344-9BFA-C6E69CA5DAB0}.Release|x64.Build.0 = Release|x64
		{E5B1A41B-923C-4344-9BFA-C6E69CA5DAB0}.Release|x86.ActiveCfg = Release|Win32
		{E5B1A41B-923C-4344-9BFA-C6E69CA5DAB0}.Release|x86.Build.0 = Release|Win32
		{69B8038F-9AEA-4214-A674-91858AD0F1C6}.Debug|x64.ActiveCfg = Debug|x64
		{69B8038F-9AEA-4214-A674-91858AD0F1C6}.Debug|x64.Build.0 = Debug|x64
		{69B8038F-9AEA-4214-A674-91858AD0F1C6}.Debug|x86.ActiveCfg = Debug|Win32
		{69B8038F-9AEA-4214-A674-91858AD0F1C6}.Debug|x86.Build.0 = Debug|Win32
		{69B8038F-9AEA-4214-A674-91858AD0F1C6}.Release|x64.ActiveCfg = Release|x64
		{69B8038F-9AEA-4214-A674-91858AD0F1C6}.Release|x64.Build.0 = Release|x64
		{69B8038F-9AEA-4214-A674-91858AD0F1C6}.Release|x86.ActiveCfg = Release|Win32
		{69B8038F-9AEA-4214-A674-91858AD0F1C6}.Release|x86.Build.0 = Release|Win32
		{D8E11BBC-12A7-4A77-8D3E-05B12536DA69}.Debug|x64.ActiveCfg = Debug|x64
		{D8E11BBC-12A7-4A77-8D3E-05B12536DA69}.Debug|x64.Build.0 = Debug|x64
		{D8E11BBC-12A7-4A77-8D3E-05B12536DA69}.Debug|x86.ActiveCfg = Debug|Win32
		{D8E11BBC-12A7-4A77-8D3E-05B12536DA69}.Debug|x86.Build.0 = Debug|Win32
		{D8E11BBC-12A7-4A77-8D3E-05B12536DA69}.Release|x64.ActiveCfg = Release|x64
		{D8E11BBC-12A7-4A77-8D3E-05B12536DA69}.Release|x64.Build.0 = Release|x64
		{D8E11BBC-12A7-4A77-8D3E-05B12536DA69}.Release|x86.ActiveCfg = Release|Win32
		{D8E11BBC-12A7-4A77-8D3E-05B12536DA69}.Release|x86.Build.0 = Release|Win32
		{5AA11FE8-6D5F-4A0E-8DF3-28ADC3163599}.Debug|x64.ActiveCfg = Debug|x64
		{5AA11FE8-6D5F-4A0E-8DF3-28ADC3163599}.Debug|x64.Build.0 = Debug|x64
		{5AA11FE8-6D5F-4A0E-8DF3-28ADC3163599}.Debug|x86.ActiveCfg = Debug|Win32
		{5AA11FE8-6D5F-4A0E-8DF3-28ADC3163599}.Debug|x86.Build.0 = Debug|Win32
		{5AA11FE8-6D5F-4A0E-8DF3-28ADC3163599}.Release|x64.ActiveCfg = Release|x64
		{5AA11FE8-6D5F-4A0E-8DF3-28ADC3163599}.Release|x64.Build.0 = Release|x64
		{5AA11FE8-6D5F-4A0E-8DF3-28ADC3163599}.Release|x86.ActiveCfg = Release|Win32
		{5AA11FE8-6D5F-4A0E-8DF3-28ADC3163599}.Release|x86.Build.0 = Release|Win32
		{177AFB7D-80FC-47DC-914B-6A73286F0F53}.Debug|x64.ActiveCfg = Debug|x64
		{177AFB7D-80FC-47DC-914B-6A73286F0F53}.Debug|x64.Build.0 = Debug|x64
		{177AFB7D-80FC-47DC-914B-6A73286F0F53}.Debug|x86.ActiveCfg = Debug|Win32
		{177AFB7D-80FC-47DC-914B-6A73286F0F53}.Debug|x86.Build.0 = Debug|Win32
		{177AFB7D-80FC-47DC-914B-6A73286F0F53}.Release|x64.ActiveCfg = Release|x64
		{177AFB7D-80FC-47DC-914B-6A73286F0F53}.Release|x64.Build.0 = Release|x64
		{177AFB7D-80FC-47DC-914B-6A73286F0F53}.Release|x86.ActiveCfg = Release|Win32
		{177AFB7D-80FC-47DC-914B-6A73286F0F53}.Release|x86.Build.0 = Release|Win32
		{4E36D48A-D420-47CC-94CF-3E8A4B60F1F1}.Debug|x64.ActiveCfg = Debug|x64
		{4E36D48A-D420-47CC-94CF-3E8A4B60F1F1}.Debug|x64.Build.0 = Debug|x64
		{4E36D48A-D420-47CC-94CF-3E8A4B60F1F1}.Debug|x86.ActiveCfg = Debug|Win32
		{4E36D48A-D420-47CC-94CF-3E8A4B60F1F1}.Debug|x86.Build.0 = Debug|Win32
		{4E36D48A-D420-47CC-94CF-3E8A4B60F1F1}.Release|x64.ActiveCfg = Release|x64
		{4E36D48A-D420-47CC-94CF-3E8A4B60F1F1}.Release|x64.Build.0 = Release|x64
		{4E36D48A-D420-47CC-94CF-3E8A4B60F1F1}.Release|x86.ActiveCfg = Release|Win32
		{4E36D48A-D420-47CC-94CF-3E8A4B60F1F1}.Release|x86.Build.0 = Release|Win32
		{0F3B5AA0-133D-4CC6-A517-671BFF8D1D33}.Debug|x64.ActiveCfg = Debug|x64
		{0F3B5AA0-133D-4CC6-A517-671BFF8D1D33}.Debug|x64.Build.0 = Debug|x64
		{0F3B5AA0-133D-4CC6-A517-671BFF8D1D33}.Debug|x86.ActiveCfg = Debug|Win32
		{0F3B5AA0-133D-4CC6-A517-671BFF8D1D33}.Debug|x86.Build.0 = Debug|Win32
		{0F3B5AA0-133D-4CC6-A517-671BFF8D1D33}.Release|x64.ActiveCfg = Release|x64
		{0F3B5AA0-133D-4CC6-A517-671BFF8D1D33}.Release|x64.Build.0 = Release|x64
		{0F3B5AA0-133D-4CC6-A517-671BFF8D1D33}.Release|x86.ActiveCfg = Release|Win32
		{0F3B5AA0-133D-4CC6-A517-671BFF8D1D33}.Release|x86.Build.0 = Release|Win32
		{2A02C482-B016-4194-8159-76340CFC250B}.Debug|x64.ActiveCfg = Debug|x64
		{2A02C482-B016-4194-8159-76340CFC250B}.Debug|x64.Build.0 = Debug|x64
		{2A02C482-B016-4194-8159-76340CFC250B}.Debug|x86.ActiveCfg = Debug|Win32
		{2A02C482-B016-4194-8159-76340CFC250B}.Debug|x86.Build.0 = Debug|Win32
		{2A02C482-B016-4194-8159-76340CFC250B}.Release|x64.ActiveCfg = Release|x64
		{2A02C482-B016-4194-8159-76340CFC250B}.Release|x64.Build.0 = Release|x64
		{2A02C482-B016-4194-8159-76340CFC250B}.Release|x86.ActiveCfg = Release|Win32
		{2A02C482-B016-4194-8159-76340CFC250B}.Release|x86.Build.0 = Release|Win32
		{3D0B875B-9D14-4639-8280-F88B414C0614}.Debug|x64.ActiveCfg = Debug|x64
		{3D0B875B-9D14-4639-8280-F88B414C0614}.Debug|x64.Build.0 = Debug|x64
		{3D0B875B-9D14-4639-8280-F88B414C0614}.Debug|x86.ActiveCfg = Debug|Win32
		{3D0B875B-9D14-4639-8280-F88B414C0614}.Debug|x86.Build.0 = Debug|Win32
		{3D0B875B-9D14-4639-8280-F88B414C0614}.Release|x64.ActiveCfg = Release|x64
		{3D0B875B-9D14-4639-8280-F88B414C0614}.Release|x64.Build.0 = Release|x64
		{3D0B875B-9D14-4639-8280-F88B414C0614}.Release|x86.ActiveCfg = Release|Win32
		{3D0B875B-9D14-4639-8280-F88B414C0614}.Release|x86.Build.0 = Release|Win32
		{09F49A0B-AC10-4428-93BD-E73F8852D800}.Debug|x64.ActiveCfg = Debug|x64
		{09F49A0B-AC10-4428-93BD-E73F8852D800}.Debug|x64.Build.0 = Debug|x64
		{09F49A0B-AC10-4428-93BD-E73F8852D800}.Debug|x86.ActiveCfg = Debug|Win32
		{09F49A0B-AC10-4428-93BD-E73F8852D800}.Debug|x86.Build.0 = Debug|Win32
		{09F49A0B-AC10-4428-93BD-E73F8852D800}.Release|x64.ActiveCfg = Release|x64
		{09F49A0B-AC10-4428-93BD-E73F8852D800}.Release|x64.Build.0 = Release|x64
		{09F49A0B-AC10-4428-93BD-E73F8852D800}.Release|x86.ActiveCfg = Release|Win32
		{09F49A0B-AC10-4428-93BD-E73F8852D800}.Release|x86.Build.0 = Release|Win32
		{8C6AB89B-CC00-468E-9B52-83E27400C321}.Debug|x64.ActiveCfg = Debug|x64
		{8C6AB89B-CC00-468E-9B52-83E27400C321}.Debug|x64.Build.0 = Debug|x64
		{8C6AB89B-CC00-468E-9B52-83E27400C321}.Debug|x86.ActiveCfg = Debug|Win32
		{8C6AB89B-CC00-468E-9B52-83E27400C321}.Debug|x86.Build.0 = Debug|Win32
		{8C6AB89B-CC00-468E-9B52-83E27400C321}.Release|x64.ActiveCfg = Release|x64
		{8C6AB89B-CC00-468E-9B52-83E27400C321}.Release|x64.Build.0 = Release|x64
		{8C6AB89B-CC00-468E-9B52-83E27400C321}.Release|x86.ActiveCfg = Release|Win32
		{8C6AB89B-CC00-468E-9B52-83E27400C321}.Release|x86.Build.0 = Release|Win32
		{512BE51B-6D2B-4812-9B92-18E8A77ECB0B}.Debug|x64.ActiveCfg = Debug|x64
		{512BE51B-6D2B-4812-9B92-18E8A77ECB0B}.Debug|x64.Build.0 = Debug|x64
		{512BE51B-6D2B-4812-9B92-18E8A77ECB0B}.Debug|x86.ActiveCfg = Debug|Win32
		{512BE51B-6D2B-4812-9B92-18E8A77ECB0B}.Debug|x86.Build.0 = Debug|Win32
		{512BE51B-6D2B-4812-9B92-18E8A77ECB0B}.Release|x64.ActiveCfg = Release|x64
		{512BE51B-6D2B-4812-9B92-18E8A77ECB0B}.Release|x64.Build.0 = Release|x64
		{512BE51B-6D2B-4812-9B92-18E8A77ECB0B}.Release|x86.ActiveCfg = Release|Win32
		{512BE51B-6D2B-4812-9B92-18E8A77ECB0B}.Release|x86.Build.0 = Release|Win32
		{DFEF86FF-5538-4FAC-A4ED-C4941C086D61}.Debug|x64.ActiveCfg = Debug|x64
		{DFEF86FF-5538-4FAC-A4ED-C4941C086D61}.Debug|x64.Build.0 = Debug|x64
		{DFEF86FF-5538-4FAC-A4ED-C4941C086D61}.Debug|x86.ActiveCfg = Debug|Win32
		{DFEF86FF-5538-4FAC-A4ED-C4941C086D61}.Debug|x86.Build.0 = Debug|Win32
		{DFEF86FF-5538-4FAC-A4ED-C4941C086D61}.Release|x64.ActiveCfg = Release|x64
		{DFEF86FF-5538-4FAC-A4ED-C4941C086D61}.Release|x64.Build.0 = Release|x64
		{DFEF86FF-5538-4FAC-A4ED-C4941C086D61}.Release|x86.ActiveCfg = Release|Win32
		{DFEF86FF-5538-4FAC-A4ED-C4941C086D61}.Release|x86.Build.0 = Release|Win32
		{9C99CBC0-E729-4BF8-8D08-69F61FA111B3}.Debug|x64.ActiveCfg = Debug|x64
		{9C99CBC0-E729-4BF8-8D08-69F61FA111B3}.Debug|x64.Build.0 = Debug|x64
		{9C99CBC0-E729-4BF8-8D08-69F61FA111B3}.Debug|x86.ActiveCfg = Debug|Win32
		{9C99CBC0-E729-4BF8-8D08-69F61FA111B3}.Debug|x86.Build.0 = Debug|Win32
		{9C99CBC0-E729-4BF8-8D08-69F61FA111B3}.Release|x64.ActiveCfg = Release|x64
		{9C99CBC0-E729-4BF8-8D08-69F61FA111B3}.Release|x64.Build.0 = Release|x64
		{9C99CBC0-E729-4BF8-8D08-69F61FA111B3}.Release|x86.ActiveCfg = Release|Win32
		{9C99CBC0-E729-4BF8-8D08-69F61FA111B3}.Release|x86.Build.0 = Release|Win32
		{E0291A17-A9A9-47C0-B0FA-6E2062885C7C}.Debug|x64.ActiveCfg = Debug|x64
		{E0291A17-A9A9-47C0-B0FA-6E2062885C7C}.Debug|x64.Build.0 = Debug|x64
		{E0291A17-A9A9-47C0-B0FA-6E2062885C7C}.Debug|x86.ActiveCfg = Debug|Win32
		{E0291A17-A9A9-47C0-B0FA-6E2062885C7C}.Debug|x86.Build.0 = Debug|Win32
		{E0291A17-A9A9-47C0-B0FA-6E2062885C7C}.Release|x64.ActiveCfg = Release|x64
		{E0291A17-A9A9-47C0-B0FA-6E2062885C7C}.Release|x64.Build.0 = Release|x64
		{E0291A17-A9A9-47C0-B0FA-6E2062885C7C}.Release|x86.ActiveCfg = Release|Win32
		{E0291A17-A9A9-47C0-B0FA-6E2062885C7C}.Release|x86.Build.0 = Release|Win32
		{0ED56F84-7D50-410F-8381-792F00CBA4C2}.Debug|x64.ActiveCfg = Debug|x64
		{0ED56F84-7D50-410F-8381-792F00CBA4C2}.Debug|x64.Build.0 = Debug|x64
		{0ED56F84-7D50-410F-8381-792F00CBA4C2}.Debug|x86.ActiveCfg = Debug|Win32
		{0ED56F84-7D50-410F-8381-792F00CBA4C2}.Debug|x86.Build.0 = Debug|Win32
		{0ED56F84-7D50-410F-8381-792F00CBA4C2}.Release|x64.ActiveCfg = Release|x64
		{0ED56F84-7D50-410F-8381-792F00CBA4C2}.Release|x64.Build.0 = Release|x64
		{0ED56F84-7D50-410F-8381-792F00CBA4C2}.Release|x86.ActiveCfg = Release|Win32
		{0ED56F84-7D50-410F-8381-792F00CBA4C2}.Release|x86.Build.0 = Release|Win32
		{50243698-6E4C-48F6-A12C-44A028ED3A97}.Debug|x64.ActiveCfg = Debug|x64
		{50243698-6E4C-48F6-A12C-44A028ED3A97}.Debug|x64.Build.0 = Debug|x64
		{50243698-6E4C-48F6-A12C-44A028ED3A97}.Debug|x86.ActiveCfg = Debug|Win32
		{50243698-6E4C-48F6-A12C-44A028ED3A97}.Debug|x86.Build.0 = Debug|Win32
		{50243698-6E4C-48F6-A12C-44A028ED3A97}.Release|x64.ActiveCfg = Release|x64
		{50243698-6E4C-48F6-A12C-44A028ED3A97}.Release|x64.Build.0 = Release|x64
		{50243698-6E4C-48F6-A12C-44A028ED3A97}.Release|x86.ActiveCfg = Release|Win32
		{50243698-6E4C-48F6-A12C-44A028ED3A97}.Release|x86.Build.0 = Release|Win32
		{AA543C72-BE1D-4C82-88A1-B23CEF53FB04}.Debug|x64.ActiveCfg = Debug|x64
		{AA543C72-BE1D-4C82-88A1-B23CEF53FB04}.Debug|x64.Build.0 = Debug|x64
		{AA543C72-BE1D-4C82-88A1-B23CEF53FB04}.Debug|x86.ActiveCfg = Debug|Win32
		{AA543C72-BE1D-4C82-88A1-B23CEF53FB04}.Debug|x86.Build.0 = Debug|Win32
		{AA543C72-BE1D-4C82-88A1-B23CEF53FB04}.Release|x64.ActiveCfg = Release|x64
		{AA543C72-BE1D-4C82-88A1-B23CEF53FB04}.Release|x64.Build.0 = Release|x64
		{AA543C72-BE1D-4C82-88A1-B23CEF53FB04}.Release|x86.ActiveCfg = Release|Win32
		{AA543C72-BE1D-4C82-88A1-B23CEF53FB04}.Release|x86.Build.0 = Release|Win32
		{57DCF20C-FF31-4E97-B558-A60F1F57454E}.Debug|x64.ActiveCfg = Debug|x64
		{57DCF20C-FF31-4E97-B558-A60F1F57454E}.Debug|x64.Build.0 = Debug|x64
		{57DCF20C-FF31-4E97-B558-A60F1F57454E}.Debug|x86.ActiveCfg = Debug|Win32
		{57DCF20C-FF31-4E97-B558-A60F1F57454E}.Debug|x86.Build.0 = Debug|Win32
		{57DCF20C-FF31-4E97-B558-A60F1F57454E}.Release|x64.ActiveCfg = Release|x64
		{57DCF20C-FF31-4E97-B558-A60F1F57454E}.Release|x64.Build.0 = Release|x64
		{57DCF20C-FF31-4E97-B558-A60F1F57454E}.Release|x86.ActiveCfg = Release|Win32
		{57DCF20C-FF31-4E97-B558-A60F1F57454E}.Release|x86.Build.0 = Release|Win32
		{45AB2649-1907-4043-BAC0-0B1FC663D8FC}.Debug|x64.ActiveCfg = Debug|x64
		{45AB2649-1907-4043-BAC0-0B1FC663D8FC}.Debug|x64.Build.0 = Debug|x64
		{45AB2649-1907-4043-BAC0-0B1FC663D8FC}.Debug|x86.ActiveCfg = Debug|Win32
		{45AB2649-1907-4043-BAC0-0B1FC663D8FC}.Debug|x86.Build.0 = Debug|Win32
		{45AB2649-1907-4043-BAC0-0B1FC663D8FC}.Release|x64.ActiveCfg = Release|x64
		{45AB2649-1907-4043-BAC0-0B1FC663D8FC}.Release|x64.Build.0 = Release|x64
		{45AB2649-1907-4043-BAC0-0B1FC663D8FC}.Release|x86.ActiveCfg = Release|Win32
		{45AB2649-1907-4043-BAC0-0B1FC663D8FC}.Release|x86.Build.0 = Release|Win32
		{580C8C9F-E28D-44B6-86B2-1D3892F29CCB}.Debug|x64.ActiveCfg = Debug|x64
		{580C8C9F-E28D-44B6-86B2-1D3892F29CCB}.Debug|x64.Build.0 = Debug|x64
		{580C8C9F-E28D-44B6-86B2-1D3892F29CCB}.Debug|x86.ActiveCfg = Debug|Win32
		{580C8C9F-E28D-44B6-86B2-1D3892F29CCB}.Debug|x86.Build.0 = Debug|Win32
		{580C8C9F-E28D-44B6-86B2-1D3892F29CCB}.Release|x64.ActiveCfg = Release|x64
		{580C8C9F-E28D-44B6-86B2-1D3892F29CCB}.Release|x64.Build.0 = Release|x64
		{580C8C9F-E28D-44B6-86B2-1D3892F29CCB}.Release|x86.ActiveCfg = Release|Win32
		{580C8C9F-E28D-44B6-86B2-1D3892F29CCB}.Release|x86.Build.0 = Release|Win32
		{C7B8F6BB-AE67-4131-BABE-FEAB7F4FD0D5}.Debug|x64.ActiveCfg = Debug|x64
		{C7B8F6BB-AE67-4131-BABE-FEAB7F4FD0D5}.Debug|x64.Build.0 = Debug|x64
		{C7B8F6BB-AE67-4131-BABE-FEAB7F4FD0D5}.Debug|x86.ActiveCfg = Debug|Win32
		{C7B8F6BB-AE67-4131-BABE-FEAB7F4FD0D5}.Debug|x86.Build.0 = Debug|Win32
		{C7B8F6BB-AE67-4131-BABE-FEAB7F4FD0D5}.Release|x64.ActiveCfg = Release|x64
		{C7B8F6BB-AE67-4131-BABE-FEAB7F4FD0D5}.Release|x64.Build.0 = Release|x64
		{C7B8F6BB-AE67-4131-BABE-FEAB7F4FD0D5}.Release|x86.ActiveCfg = Release|Win32
		{C7B8F6BB-AE67-4131-BABE-FEAB7F4FD0D5}.Release|x86.Build.0 = Release|Win32
		{131033C8-2755-46CD-9FEB-A07DEF182C7E}.Debug|x64.ActiveCfg = Debug|x64
		{131033C8-2755-46CD-9FEB-A07DEF182C7E}.Debug|x64.Build.0 = Debug|x64
		{131033C8-2755-46CD-9FEB-A07DEF182C7E}.Debug|x86.ActiveCfg = Debug|Win32
		{131033C8-2755-46CD-9FEB-A07DEF182C7E}.Debug|x86.Build.0 = Debug|Win32
		{131033C8-2755-46CD-9FEB-A07DEF182C7E}.Release|x64.ActiveCfg = Release|x64
		{131033C8-2755-46CD-9FEB-A07DEF182C7E}.Release|x64.Build.0 = Release|x64
		{131033C8-2755-46CD-9FEB-A07DEF182C7E}.Release|x86.ActiveCfg = Release|Win32
		{131033C8-2755-46CD-9FEB-A07DEF182C7E}.Release|x86.Build.0 = Release|Win32
		{A8E18850-FB68-43D5-A0DF-D067F68AAF02}.Debug|x64.ActiveCfg = Debug|x64
		{A8E18850-FB68-43D5-A0DF-D067F68AAF02}.Debug|x64.Build.0 = Debug|x64
		{A8E18850-FB68-43D5-A0DF-D067F68AAF02}.Debug|x86.ActiveCfg = Debug|Win32
		{A8E18850-FB68-43D5-A0DF-D067F68AAF02}.Debug|x86.Build.0 = Debug|Win32
		{A8E18850-FB68-43D5-A0DF-D067F68AAF02}.Release|x64.ActiveCfg = Release|x64
		{A8E18850-FB68-43D5-A0DF-D067F68AAF02}.Release|x64.Build.0 = Release|x64
		{A8E18850-FB68-43D5-A0DF-D067F68AAF02}.Release|x86.ActiveCfg = Release|Win32
		{A8E18850-FB68-43D5-A0DF-D067F68AAF02}.Release|x86.Build.0 = Release|Win32
		{957A5A09-C7D7-4DAB-85F9-311DAFCE8C2D}.Debug|x64.ActiveCfg = Debug|x64
		{957A5A09-C7D7-4DAB-85F9-311DAFCE8C2D}.Debug|x64.Build.0 = Debug|x64
		{957A5A09-C7D7-4DAB-85F9-311DAFCE8C2D}.Debug|x86.ActiveCfg = Debug|Win32
		{957A5A09-C7D7-4DAB-85F9-311DAFCE8C2D}.Debug|x86.Build.0 = Debug|Win32
		{957A5A09-C7D7-4DAB-85F9-311DAFCE8C2D}.Release|x64.ActiveCfg = Release|x64
		{957A5A09-C7D7-4DAB-85F9-311DAFCE8C2D}.Release|x64.Build.0 = Release|x64
		{957A5A09-C7D7-4DAB-85F9-311DAFCE8C2D}.Release|x86.ActiveCfg = Release|Win32
		{957A5A09-C7D7-4DAB-85F9-311DAFCE8C2D}.Release|x86.Build.0 = Release|Win32
		{50285E8D-4703-4293-8954-115DF205B4F5}.Debug|x64.ActiveCfg = Debug|x64
		{50285E8D-4703-4293-8954-115DF205B4F5}.Debug|x64.Build.0 = Debug|x64
		{50285E8D-4703-4293-8954-115DF205B4F5}.Debug|x86.ActiveCfg = Debug|Win32
		{50285E8D-4703-4293-8954-115DF205B4F5}.Debug|x86.Build.0 = Debug|Win32
		{50285E8D-4703-4293-8954-115DF205B4F5}.Release|x64.ActiveCfg = Release|x64
		{50285E8D-4703-4293-8954-115DF205B4F5}.Release|x64.Build.0 = Release|x64
		{50285E8D-4703-4293-8954-115DF205B4F5}.Release|x86.ActiveCfg = Release|Win32
		{50285E8D-4703-4293-8954-115DF205B4F5}.Release|x86.Build.0 = Release|Win32
		{2B8DEB48-1240-4EDB-9D40-7FE9E7F36270}.Debug|x64.ActiveCfg = Debug|x64
		{2B8DEB48-1240-4EDB-9D40-7FE9E7F36270}.Debug|x64.Build.0 = Debug|x64
		{2B8DEB48-1240-4EDB-9D40-7FE9E7F36270}.Debug|x86.ActiveCfg = Debug|Win32
		{2B8DEB48-1240-4EDB-9D40-7FE9E7F36270}.Debug|x86.Build.0 = Debug|Win32
		{2B8DEB48-1240-4EDB-9D40-7FE9E7F36270}.Release|x64.ActiveCfg = Release|x64
		{2B8DEB48-1240-4EDB-9D40-7FE9E7F36270}.Release|x64.Build.0 = Release|x64
		{2B8DEB48-1240-4EDB-9D40-7FE9E7F36270}.Release|x86.ActiveCfg = Release|Win32
		{2B8DEB48-1240-4EDB-9D40-7FE9E7F36270}.Release|x86.Build.0 = Release|Win32
		{261F515F-81E5-4C80-B2B5-FB3E07B46F31}.Debug|x64.ActiveCfg = Debug|x64
		{261F515F-81E5-4C80-B2B5-FB3E07B46F31}.Debug|x64.Build.0 = Debug|x64
		{261F515F-81E5-4C80-B2B5-FB3E07B46F31}.Debug|x86.ActiveCfg = Debug|Win32
		{261F515F-81E5-4C80-B2B5-FB3E07B46F31}.Debug|x86.Build.0 = Debug|Win32
		{261F515F-81E5-4C80-B2B5-FB3E07B46F31}.Release|x64.ActiveCfg = Release|x64
		{261F515F-81E5-4C80-B2B5-FB3E07B46F31}.Release|x64.Build.0 = Release|x64
		{261F515F-81E5-4C80-B2B5-FB3E07B46F31}.Release|x86.ActiveCfg = Release|Win32
		{261F515F-81E5-4C80-B2B5-FB3E07B46F31}.Release|x86.Build.0 = Release|Win32
		{101DD564-92B5-487A-BA1C-62175AD59A48}.Debug|x64.ActiveCfg = Debug|x64
		{101DD564-92B5-487A-BA1C-62175AD59A48}.Debug|x64.Build.0 = Debug|x64
		{101DD564-92B5-487A-BA1C-62175AD59A48}.Debug|x86.ActiveCfg = Debug|Win32
		{101DD564-92B5-487A-BA1C-62175AD59A48}.Debug|x86.Build.0 = Debug|Win32
		{101DD564-92B5-487A-BA1C-62175AD59A48}.Release|x64.ActiveCfg = Release|x64
		{101DD564-92B5-487A-BA1C-62175AD59A48}.Release|x64.Build.0 = Release|x64
		{101DD564-92B5-487A-BA1C-62175AD59A48}.Release|x86.ActiveCfg = Release|Win32
		{101DD564-92B5-487A-BA1C-62175AD59A48}.Release|x86.Build.0 = Release|Win32
		{4DF67149-1022-4BF7-ADDA-27EC967F7991}.Debug|x64.ActiveCfg = Debug|x64
		{4DF67149-1022-4BF7-ADDA-27EC967F7991}.Debug|x64.Build.0 = Debug|x64
		{4DF67149-1022-4BF7-ADDA-27EC967F7991}.Debug|x86.ActiveCfg = Debug|Win32
		{4DF67149-1022-4BF7-ADDA-27EC967F7991}.Debug|x86.Build.0 = Debug|Win32
		{4DF67149-1022-4BF7-ADDA-27EC967F7991}.Release|x64.ActiveCfg = Release|x64
		{4DF67149-1022-4BF7-ADDA-27EC967F7991}.Release|x64.Build.0 = Release|x64
		{4DF67149-1022-4BF7-ADDA-27EC967F7991}.Release|x86.ActiveCfg = Release|Win32
		{4DF67149-1022-4BF7-ADDA-27EC967F7991}.Release|x86.Build.0 = Release|Win32
		{5B1B54E9-810B-477D-B653-EEA70D94BFC3}.Debug|x64.ActiveCfg = Debug|x64
		{5B1B54E9-810B-477D-B653-EEA70D94BFC3}.Debug|x64.Build.0 = Debug|x64
		{5B1B54E9-810B-477D-B653-EEA70D94BFC3}.Debug|x86.ActiveCfg = Debug|Win32
		{5B1B54E9-810B-477D-B653-EEA70D94BFC3}.Debug|x86.Build.0 = Debug|Win32
		{5B1B54E9-810B-477D-B653-EEA70D94BFC3}.Release|x64.ActiveCfg = Release|x64
		{5B1B54E9-810B-477D-B653-EEA70D94BFC3}.Release|x64.Build.0 = Release|x64
		{5B1B54E9-810B-477D-B653-EEA70D94BFC3}.Release|x86.ActiveCfg = Release|Win32
		{5B1B54E9-810B-477D-B653-EEA70D94BFC3}.Release|x86.Build.0 = Release|Win32
		{2994FF9D-FF22-4298-A9F1-A30B162EE39C}.Debug|x64.ActiveCfg = Debug|x64
		{2994FF9D-FF22-4298-A9F1-A30B162EE39C}.Debug|x64.Build.0 = Debug|x64
		{2994FF9D-FF22-4298-A9F1-A30B162EE39C}.Debug|x86.ActiveCfg = Debug|Win32
		{2994FF9D-FF22-4298-A9F1-A30B162EE39C}.Debug|x86.Build.0 = Debug|Win32
		{2994FF9D-FF22-4298-A9F1-A30B162EE39C}.Release|x64.ActiveCfg = Release|x64
		{2994FF9D-FF22-4298-A9F1-A30B162EE39C}.Release|x64.Build.0 = Release|x64
		{2994FF9D-FF22-4298-A9F1-A30B162EE39C}.Release|x86.ActiveCfg = Release|Win32
		{2994FF9D-FF22-4298-A9F1-A30B162EE39C}.Release|x86.Build.0 = Release|Win32
		{5DD5EC89-668B-458C-970E-DCAC14EFABCE}.Debug|x64.ActiveCfg = Debug|x64
		{5DD5EC89-668B-458C-970E-DCAC14EFABCE}.Debug|x64.Build.0 = Debug|x64
		{5DD5EC89-668B-458C-970E-DCAC14EFABCE}.Debug|x86.ActiveCfg = Debug|Win32
		{5DD5EC89-668B-458C-970E-DCAC14EFABCE}.Debug|x86.Build.0 = Debug|Win32
		{5DD5EC89-668B-458C-970E-DCAC14EFABCE}.Release|x64.ActiveCfg = Release|x64
		{5DD5EC89-668B-458C-970E-DCAC14EFABCE}.Release|x64.Build.0 = Release|x64
		{5DD5EC89-668B-458C-970E-DCAC14EFABCE}.Release|x86.ActiveCfg = Release|Win32
		{5DD5EC89-668B-458C-970E-DCAC14EFABCE}.Release|x86.Build.0 = Release|Win32
		{FF085451-E2B7-41A4-8EF3-3E6176F55A03}.Debug|x64.ActiveCfg = Debug|x64
		{FF085451-E2B7-41A4-8EF3-3E6176F55A03}.Debug|x64.Build.0 = Debug|x64
		{FF085451-E2B7-41A4-8EF3-3E6176F55A03}.Debug|x86.ActiveCfg = Debug|Win32
		{FF085451-E2B7-41A4-8EF3-3E6176F55A03}.Debug|x86.Build.0 = Debug|Win32
		{FF085451-E2B7-41A4-8EF3-3E6176F55A03}.Release|x64.ActiveCfg = Release|x64
		{FF085451-E2B7-41A4-8EF3-3E6176F55A03}.Release|x64.Build.0 = Release|x64
		{FF085451-E2B7-41A4-8EF3-3E6176F55A03}.Release|x86.ActiveCfg = Release|Win32
		{FF085451-E2B7-41A4-8EF3-3E6176F55A03}.Release|x86.Build.0 = Release|Win32
	EndGlobalSection
	GlobalSection(SolutionProperties) = preSolution
		HideSolutionNode = FALSE
	EndGlobalSection
	GlobalSection(ExtensibilityGlobals) = postSolution
		SolutionGuid = {26FD5A17-1D21-4D90-9897-C24A1A9BE309}
	EndGlobalSection
EndGlobal
